
Microsoft Visual Studio Solution File, Format Version 12.00
# Visual Studio Version 17
VisualStudioVersion = 17.3.32922.545
MinimumVisualStudioVersion = 10.0.40219.1
Project("{FAE04EC0-301F-11D3-BF4B-00C04F79EFBC}") = "homeWork_loop", "homeWork_loop\homeWork_loop.csproj", "{495AEE55-8809-4D78-B4C3-AD8755AF03CE}"
EndProject
Global
	GlobalSection(SolutionConfigurationPlatforms) = preSolution
		Debug|Any CPU = Debug|Any CPU
		Release|Any CPU = Release|Any CPU
	EndGlobalSection
	GlobalSection(ProjectConfigurationPlatforms) = postSolution
		{495AEE55-8809-4D78-B4C3-AD8755AF03CE}.Debug|Any CPU.ActiveCfg = Debug|Any CPU
		{495AEE55-8809-4D78-B4C3-AD8755AF03CE}.Debug|Any CPU.Build.0 = Debug|Any CPU
		{495AEE55-8809-4D78-B4C3-AD8755AF03CE}.Release|Any CPU.ActiveCfg = Release|Any CPU
		{495AEE55-8809-4D78-B4C3-AD8755AF03CE}.Release|Any CPU.Build.0 = Release|Any CPU
	EndGlobalSection
	GlobalSection(SolutionProperties) = preSolution
		HideSolutionNode = FALSE
	EndGlobalSection
	GlobalSection(ExtensibilityGlobals) = postSolution
		SolutionGuid = {0191B9FC-1891-46C5-8C7D-B402562E3BDB}
	EndGlobalSection
EndGlobal
